
Microsoft Visual Studio Solution File, Format Version 11.00
# Visual Studio 2010
Project("{FAE04EC0-301F-11D3-BF4B-00C04F79EFBC}") = "Whathecode.System", "Whathecode.System\Whathecode.System.csproj", "{6FF11324-46A9-4AE3-A802-4CFD47C59BA6}"
EndProject
Project("{FAE04EC0-301F-11D3-BF4B-00C04F79EFBC}") = "Arithmetic", "Libraries\Arithmetic\Arithmetic\Arithmetic.csproj", "{1C2129C6-6797-4892-8CEB-F2E99FDF1B03}"
EndProject
Project("{FAE04EC0-301F-11D3-BF4B-00C04F79EFBC}") = "InterpolationTest", "InterpolationTest\InterpolationTest.csproj", "{BBB43537-008A-4710-987D-69C0F3BDBD8E}"
EndProject
Project("{FAE04EC0-301F-11D3-BF4B-00C04F79EFBC}") = "Whathecode.System.Tests", "Whathecode.System.Tests\Whathecode.System.Tests.csproj", "{1B736278-2E06-4EC6-A1D8-AE9B07D9BDC5}"
EndProject
Project("{FAE04EC0-301F-11D3-BF4B-00C04F79EFBC}") = "Whathecode.PresentationFramework", "Whathecode.PresentationFramework\Whathecode.PresentationFramework.csproj", "{9C755F97-8302-4415-AC95-FABFCDCE14B2}"
EndProject
Project("{FAE04EC0-301F-11D3-BF4B-00C04F79EFBC}") = "Whathecode.PresentationFramework.Tests", "Whathecode.PresentationFramework.Tests\Whathecode.PresentationFramework.Tests.csproj", "{723B733C-1DA5-46DC-85B2-304509AAABE9}"
EndProject
Project("{2150E333-8FDC-42A3-9474-1A3956D46DE8}") = "Tests", "Tests", "{AB25DCB2-0655-4878-A3C1-618BF475615A}"
EndProject
Project("{2150E333-8FDC-42A3-9474-1A3956D46DE8}") = "Libraries", "Libraries", "{5932713A-CEA7-43F3-9A5C-396FC7BDDD02}"
EndProject
Global
	GlobalSection(SolutionConfigurationPlatforms) = preSolution
		CodeAnalysis|Any CPU = CodeAnalysis|Any CPU
		CodeAnalysis|Mixed Platforms = CodeAnalysis|Mixed Platforms
		CodeAnalysis|x86 = CodeAnalysis|x86
		Debug|Any CPU = Debug|Any CPU
		Debug|Mixed Platforms = Debug|Mixed Platforms
		Debug|x86 = Debug|x86
		DebugSnk|Any CPU = DebugSnk|Any CPU
		DebugSnk|Mixed Platforms = DebugSnk|Mixed Platforms
		DebugSnk|x86 = DebugSnk|x86
		Release|Any CPU = Release|Any CPU
		Release|Mixed Platforms = Release|Mixed Platforms
		Release|x86 = Release|x86
		ReleaseSnk|Any CPU = ReleaseSnk|Any CPU
		ReleaseSnk|Mixed Platforms = ReleaseSnk|Mixed Platforms
		ReleaseSnk|x86 = ReleaseSnk|x86
	EndGlobalSection
	GlobalSection(ProjectConfigurationPlatforms) = postSolution
		{6FF11324-46A9-4AE3-A802-4CFD47C59BA6}.CodeAnalysis|Any CPU.ActiveCfg = Release|Any CPU
		{6FF11324-46A9-4AE3-A802-4CFD47C59BA6}.CodeAnalysis|Any CPU.Build.0 = Release|Any CPU
		{6FF11324-46A9-4AE3-A802-4CFD47C59BA6}.CodeAnalysis|Mixed Platforms.ActiveCfg = Release|Any CPU
		{6FF11324-46A9-4AE3-A802-4CFD47C59BA6}.CodeAnalysis|Mixed Platforms.Build.0 = Release|Any CPU
		{6FF11324-46A9-4AE3-A802-4CFD47C59BA6}.CodeAnalysis|x86.ActiveCfg = Release|Any CPU
		{6FF11324-46A9-4AE3-A802-4CFD47C59BA6}.Debug|Any CPU.ActiveCfg = Debug|Any CPU
		{6FF11324-46A9-4AE3-A802-4CFD47C59BA6}.Debug|Any CPU.Build.0 = Debug|Any CPU
		{6FF11324-46A9-4AE3-A802-4CFD47C59BA6}.Debug|Mixed Platforms.ActiveCfg = Debug|Any CPU
		{6FF11324-46A9-4AE3-A802-4CFD47C59BA6}.Debug|Mixed Platforms.Build.0 = Debug|Any CPU
		{6FF11324-46A9-4AE3-A802-4CFD47C59BA6}.Debug|x86.ActiveCfg = Debug|Any CPU
		{6FF11324-46A9-4AE3-A802-4CFD47C59BA6}.DebugSnk|Any CPU.ActiveCfg = Debug|Any CPU
		{6FF11324-46A9-4AE3-A802-4CFD47C59BA6}.DebugSnk|Any CPU.Build.0 = Debug|Any CPU
		{6FF11324-46A9-4AE3-A802-4CFD47C59BA6}.DebugSnk|Mixed Platforms.ActiveCfg = Debug|Any CPU
		{6FF11324-46A9-4AE3-A802-4CFD47C59BA6}.DebugSnk|Mixed Platforms.Build.0 = Debug|Any CPU
		{6FF11324-46A9-4AE3-A802-4CFD47C59BA6}.DebugSnk|x86.ActiveCfg = Debug|Any CPU
		{6FF11324-46A9-4AE3-A802-4CFD47C59BA6}.Release|Any CPU.ActiveCfg = Release|Any CPU
		{6FF11324-46A9-4AE3-A802-4CFD47C59BA6}.Release|Any CPU.Build.0 = Release|Any CPU
		{6FF11324-46A9-4AE3-A802-4CFD47C59BA6}.Release|Mixed Platforms.ActiveCfg = Release|Any CPU
		{6FF11324-46A9-4AE3-A802-4CFD47C59BA6}.Release|Mixed Platforms.Build.0 = Release|Any CPU
		{6FF11324-46A9-4AE3-A802-4CFD47C59BA6}.Release|x86.ActiveCfg = Release|Any CPU
		{6FF11324-46A9-4AE3-A802-4CFD47C59BA6}.ReleaseSnk|Any CPU.ActiveCfg = Release|Any CPU
		{6FF11324-46A9-4AE3-A802-4CFD47C59BA6}.ReleaseSnk|Any CPU.Build.0 = Release|Any CPU
		{6FF11324-46A9-4AE3-A802-4CFD47C59BA6}.ReleaseSnk|Mixed Platforms.ActiveCfg = Release|Any CPU
		{6FF11324-46A9-4AE3-A802-4CFD47C59BA6}.ReleaseSnk|Mixed Platforms.Build.0 = Release|Any CPU
		{6FF11324-46A9-4AE3-A802-4CFD47C59BA6}.ReleaseSnk|x86.ActiveCfg = Release|Any CPU
		{1C2129C6-6797-4892-8CEB-F2E99FDF1B03}.CodeAnalysis|Any CPU.ActiveCfg = Release|x86
		{1C2129C6-6797-4892-8CEB-F2E99FDF1B03}.CodeAnalysis|Mixed Platforms.ActiveCfg = Release|x86
		{1C2129C6-6797-4892-8CEB-F2E99FDF1B03}.CodeAnalysis|Mixed Platforms.Build.0 = Release|x86
		{1C2129C6-6797-4892-8CEB-F2E99FDF1B03}.CodeAnalysis|x86.ActiveCfg = Release|x86
		{1C2129C6-6797-4892-8CEB-F2E99FDF1B03}.CodeAnalysis|x86.Build.0 = Release|x86
		{1C2129C6-6797-4892-8CEB-F2E99FDF1B03}.Debug|Any CPU.ActiveCfg = Debug|Any CPU
		{1C2129C6-6797-4892-8CEB-F2E99FDF1B03}.Debug|Any CPU.Build.0 = Debug|Any CPU
		{1C2129C6-6797-4892-8CEB-F2E99FDF1B03}.Debug|Mixed Platforms.ActiveCfg = Debug|x86
		{1C2129C6-6797-4892-8CEB-F2E99FDF1B03}.Debug|Mixed Platforms.Build.0 = Debug|x86
		{1C2129C6-6797-4892-8CEB-F2E99FDF1B03}.Debug|x86.ActiveCfg = Debug|x86
		{1C2129C6-6797-4892-8CEB-F2E99FDF1B03}.Debug|x86.Build.0 = Debug|x86
		{1C2129C6-6797-4892-8CEB-F2E99FDF1B03}.DebugSnk|Any CPU.ActiveCfg = Debug|x86
		{1C2129C6-6797-4892-8CEB-F2E99FDF1B03}.DebugSnk|Mixed Platforms.ActiveCfg = Debug|x86
		{1C2129C6-6797-4892-8CEB-F2E99FDF1B03}.DebugSnk|Mixed Platforms.Build.0 = Debug|x86
		{1C2129C6-6797-4892-8CEB-F2E99FDF1B03}.DebugSnk|x86.ActiveCfg = Debug|x86
		{1C2129C6-6797-4892-8CEB-F2E99FDF1B03}.DebugSnk|x86.Build.0 = Debug|x86
		{1C2129C6-6797-4892-8CEB-F2E99FDF1B03}.Release|Any CPU.ActiveCfg = Release|Any CPU
		{1C2129C6-6797-4892-8CEB-F2E99FDF1B03}.Release|Any CPU.Build.0 = Release|Any CPU
		{1C2129C6-6797-4892-8CEB-F2E99FDF1B03}.Release|Mixed Platforms.ActiveCfg = Release|x86
		{1C2129C6-6797-4892-8CEB-F2E99FDF1B03}.Release|Mixed Platforms.Build.0 = Release|x86
		{1C2129C6-6797-4892-8CEB-F2E99FDF1B03}.Release|x86.ActiveCfg = Release|x86
		{1C2129C6-6797-4892-8CEB-F2E99FDF1B03}.Release|x86.Build.0 = Release|x86
		{1C2129C6-6797-4892-8CEB-F2E99FDF1B03}.ReleaseSnk|Any CPU.ActiveCfg = Release|x86
		{1C2129C6-6797-4892-8CEB-F2E99FDF1B03}.ReleaseSnk|Mixed Platforms.ActiveCfg = Release|x86
		{1C2129C6-6797-4892-8CEB-F2E99FDF1B03}.ReleaseSnk|Mixed Platforms.Build.0 = Release|x86
		{1C2129C6-6797-4892-8CEB-F2E99FDF1B03}.ReleaseSnk|x86.ActiveCfg = Release|x86
		{1C2129C6-6797-4892-8CEB-F2E99FDF1B03}.ReleaseSnk|x86.Build.0 = Release|x86
		{BBB43537-008A-4710-987D-69C0F3BDBD8E}.CodeAnalysis|Any CPU.ActiveCfg = Release|x86
		{BBB43537-008A-4710-987D-69C0F3BDBD8E}.CodeAnalysis|Mixed Platforms.ActiveCfg = Release|x86
		{BBB43537-008A-4710-987D-69C0F3BDBD8E}.CodeAnalysis|Mixed Platforms.Build.0 = Release|x86
		{BBB43537-008A-4710-987D-69C0F3BDBD8E}.CodeAnalysis|x86.ActiveCfg = Release|x86
		{BBB43537-008A-4710-987D-69C0F3BDBD8E}.CodeAnalysis|x86.Build.0 = Release|x86
		{BBB43537-008A-4710-987D-69C0F3BDBD8E}.Debug|Any CPU.ActiveCfg = Debug|x86
		{BBB43537-008A-4710-987D-69C0F3BDBD8E}.Debug|Mixed Platforms.ActiveCfg = Debug|x86
		{BBB43537-008A-4710-987D-69C0F3BDBD8E}.Debug|Mixed Platforms.Build.0 = Debug|x86
		{BBB43537-008A-4710-987D-69C0F3BDBD8E}.Debug|x86.ActiveCfg = Debug|x86
		{BBB43537-008A-4710-987D-69C0F3BDBD8E}.Debug|x86.Build.0 = Debug|x86
		{BBB43537-008A-4710-987D-69C0F3BDBD8E}.DebugSnk|Any CPU.ActiveCfg = Debug|x86
		{BBB43537-008A-4710-987D-69C0F3BDBD8E}.DebugSnk|Mixed Platforms.ActiveCfg = Debug|x86
		{BBB43537-008A-4710-987D-69C0F3BDBD8E}.DebugSnk|Mixed Platforms.Build.0 = Debug|x86
		{BBB43537-008A-4710-987D-69C0F3BDBD8E}.DebugSnk|x86.ActiveCfg = Debug|x86
		{BBB43537-008A-4710-987D-69C0F3BDBD8E}.DebugSnk|x86.Build.0 = Debug|x86
		{BBB43537-008A-4710-987D-69C0F3BDBD8E}.Release|Any CPU.ActiveCfg = Release|x86
		{BBB43537-008A-4710-987D-69C0F3BDBD8E}.Release|Mixed Platforms.ActiveCfg = Release|x86
		{BBB43537-008A-4710-987D-69C0F3BDBD8E}.Release|Mixed Platforms.Build.0 = Release|x86
		{BBB43537-008A-4710-987D-69C0F3BDBD8E}.Release|x86.ActiveCfg = Release|x86
		{BBB43537-008A-4710-987D-69C0F3BDBD8E}.Release|x86.Build.0 = Release|x86
		{BBB43537-008A-4710-987D-69C0F3BDBD8E}.ReleaseSnk|Any CPU.ActiveCfg = Release|x86
		{BBB43537-008A-4710-987D-69C0F3BDBD8E}.ReleaseSnk|Mixed Platforms.ActiveCfg = Release|x86
		{BBB43537-008A-4710-987D-69C0F3BDBD8E}.ReleaseSnk|Mixed Platforms.Build.0 = Release|x86
		{BBB43537-008A-4710-987D-69C0F3BDBD8E}.ReleaseSnk|x86.ActiveCfg = Release|x86
		{BBB43537-008A-4710-987D-69C0F3BDBD8E}.ReleaseSnk|x86.Build.0 = Release|x86
		{1B736278-2E06-4EC6-A1D8-AE9B07D9BDC5}.CodeAnalysis|Any CPU.ActiveCfg = Release|Any CPU
		{1B736278-2E06-4EC6-A1D8-AE9B07D9BDC5}.CodeAnalysis|Any CPU.Build.0 = Release|Any CPU
		{1B736278-2E06-4EC6-A1D8-AE9B07D9BDC5}.CodeAnalysis|Mixed Platforms.ActiveCfg = Release|Any CPU
		{1B736278-2E06-4EC6-A1D8-AE9B07D9BDC5}.CodeAnalysis|Mixed Platforms.Build.0 = Release|Any CPU
		{1B736278-2E06-4EC6-A1D8-AE9B07D9BDC5}.CodeAnalysis|x86.ActiveCfg = Release|Any CPU
		{1B736278-2E06-4EC6-A1D8-AE9B07D9BDC5}.Debug|Any CPU.ActiveCfg = Debug|Any CPU
		{1B736278-2E06-4EC6-A1D8-AE9B07D9BDC5}.Debug|Any CPU.Build.0 = Debug|Any CPU
		{1B736278-2E06-4EC6-A1D8-AE9B07D9BDC5}.Debug|Mixed Platforms.ActiveCfg = Debug|Any CPU
		{1B736278-2E06-4EC6-A1D8-AE9B07D9BDC5}.Debug|Mixed Platforms.Build.0 = Debug|Any CPU
		{1B736278-2E06-4EC6-A1D8-AE9B07D9BDC5}.Debug|x86.ActiveCfg = Debug|Any CPU
		{1B736278-2E06-4EC6-A1D8-AE9B07D9BDC5}.DebugSnk|Any CPU.ActiveCfg = Debug|Any CPU
		{1B736278-2E06-4EC6-A1D8-AE9B07D9BDC5}.DebugSnk|Any CPU.Build.0 = Debug|Any CPU
		{1B736278-2E06-4EC6-A1D8-AE9B07D9BDC5}.DebugSnk|Mixed Platforms.ActiveCfg = Debug|Any CPU
		{1B736278-2E06-4EC6-A1D8-AE9B07D9BDC5}.DebugSnk|Mixed Platforms.Build.0 = Debug|Any CPU
		{1B736278-2E06-4EC6-A1D8-AE9B07D9BDC5}.DebugSnk|x86.ActiveCfg = Debug|Any CPU
		{1B736278-2E06-4EC6-A1D8-AE9B07D9BDC5}.Release|Any CPU.ActiveCfg = Release|Any CPU
		{1B736278-2E06-4EC6-A1D8-AE9B07D9BDC5}.Release|Any CPU.Build.0 = Release|Any CPU
		{1B736278-2E06-4EC6-A1D8-AE9B07D9BDC5}.Release|Mixed Platforms.ActiveCfg = Release|Any CPU
		{1B736278-2E06-4EC6-A1D8-AE9B07D9BDC5}.Release|Mixed Platforms.Build.0 = Release|Any CPU
		{1B736278-2E06-4EC6-A1D8-AE9B07D9BDC5}.Release|x86.ActiveCfg = Release|Any CPU
		{1B736278-2E06-4EC6-A1D8-AE9B07D9BDC5}.ReleaseSnk|Any CPU.ActiveCfg = Release|Any CPU
		{1B736278-2E06-4EC6-A1D8-AE9B07D9BDC5}.ReleaseSnk|Any CPU.Build.0 = Release|Any CPU
		{1B736278-2E06-4EC6-A1D8-AE9B07D9BDC5}.ReleaseSnk|Mixed Platforms.ActiveCfg = Release|Any CPU
		{1B736278-2E06-4EC6-A1D8-AE9B07D9BDC5}.ReleaseSnk|Mixed Platforms.Build.0 = Release|Any CPU
		{1B736278-2E06-4EC6-A1D8-AE9B07D9BDC5}.ReleaseSnk|x86.ActiveCfg = Release|Any CPU
		{9C755F97-8302-4415-AC95-FABFCDCE14B2}.CodeAnalysis|Any CPU.ActiveCfg = Release|x86
		{9C755F97-8302-4415-AC95-FABFCDCE14B2}.CodeAnalysis|Mixed Platforms.ActiveCfg = Release|x86
		{9C755F97-8302-4415-AC95-FABFCDCE14B2}.CodeAnalysis|Mixed Platforms.Build.0 = Release|x86
		{9C755F97-8302-4415-AC95-FABFCDCE14B2}.CodeAnalysis|x86.ActiveCfg = Release|x86
		{9C755F97-8302-4415-AC95-FABFCDCE14B2}.CodeAnalysis|x86.Build.0 = Release|x86
		{9C755F97-8302-4415-AC95-FABFCDCE14B2}.Debug|Any CPU.ActiveCfg = Debug|x86
		{9C755F97-8302-4415-AC95-FABFCDCE14B2}.Debug|Mixed Platforms.ActiveCfg = Debug|x86
		{9C755F97-8302-4415-AC95-FABFCDCE14B2}.Debug|Mixed Platforms.Build.0 = Debug|x86
		{9C755F97-8302-4415-AC95-FABFCDCE14B2}.Debug|x86.ActiveCfg = Debug|x86
		{9C755F97-8302-4415-AC95-FABFCDCE14B2}.Debug|x86.Build.0 = Debug|x86
		{9C755F97-8302-4415-AC95-FABFCDCE14B2}.DebugSnk|Any CPU.ActiveCfg = Debug|x86
		{9C755F97-8302-4415-AC95-FABFCDCE14B2}.DebugSnk|Mixed Platforms.ActiveCfg = Debug|x86
		{9C755F97-8302-4415-AC95-FABFCDCE14B2}.DebugSnk|Mixed Platforms.Build.0 = Debug|x86
		{9C755F97-8302-4415-AC95-FABFCDCE14B2}.DebugSnk|x86.ActiveCfg = Debug|x86
		{9C755F97-8302-4415-AC95-FABFCDCE14B2}.DebugSnk|x86.Build.0 = Debug|x86
		{9C755F97-8302-4415-AC95-FABFCDCE14B2}.Release|Any CPU.ActiveCfg = Release|x86
		{9C755F97-8302-4415-AC95-FABFCDCE14B2}.Release|Mixed Platforms.ActiveCfg = Release|x86
		{9C755F97-8302-4415-AC95-FABFCDCE14B2}.Release|Mixed Platforms.Build.0 = Release|x86
		{9C755F97-8302-4415-AC95-FABFCDCE14B2}.Release|x86.ActiveCfg = Release|x86
		{9C755F97-8302-4415-AC95-FABFCDCE14B2}.Release|x86.Build.0 = Release|x86
		{9C755F97-8302-4415-AC95-FABFCDCE14B2}.ReleaseSnk|Any CPU.ActiveCfg = Release|x86
		{9C755F97-8302-4415-AC95-FABFCDCE14B2}.ReleaseSnk|Mixed Platforms.ActiveCfg = Release|x86
		{9C755F97-8302-4415-AC95-FABFCDCE14B2}.ReleaseSnk|Mixed Platforms.Build.0 = Release|x86
		{9C755F97-8302-4415-AC95-FABFCDCE14B2}.ReleaseSnk|x86.ActiveCfg = Release|x86
		{9C755F97-8302-4415-AC95-FABFCDCE14B2}.ReleaseSnk|x86.Build.0 = Release|x86
		{723B733C-1DA5-46DC-85B2-304509AAABE9}.CodeAnalysis|Any CPU.ActiveCfg = Release|x86
		{723B733C-1DA5-46DC-85B2-304509AAABE9}.CodeAnalysis|Mixed Platforms.ActiveCfg = Release|x86
		{723B733C-1DA5-46DC-85B2-304509AAABE9}.CodeAnalysis|Mixed Platforms.Build.0 = Release|x86
		{723B733C-1DA5-46DC-85B2-304509AAABE9}.CodeAnalysis|x86.ActiveCfg = Release|x86
		{723B733C-1DA5-46DC-85B2-304509AAABE9}.CodeAnalysis|x86.Build.0 = Release|x86
		{723B733C-1DA5-46DC-85B2-304509AAABE9}.Debug|Any CPU.ActiveCfg = Debug|x86
		{723B733C-1DA5-46DC-85B2-304509AAABE9}.Debug|Mixed Platforms.ActiveCfg = Debug|x86
		{723B733C-1DA5-46DC-85B2-304509AAABE9}.Debug|Mixed Platforms.Build.0 = Debug|x86
		{723B733C-1DA5-46DC-85B2-304509AAABE9}.Debug|x86.ActiveCfg = Debug|x86
		{723B733C-1DA5-46DC-85B2-304509AAABE9}.Debug|x86.Build.0 = Debug|x86
		{723B733C-1DA5-46DC-85B2-304509AAABE9}.DebugSnk|Any CPU.ActiveCfg = Debug|x86
		{723B733C-1DA5-46DC-85B2-304509AAABE9}.DebugSnk|Mixed Platforms.ActiveCfg = Debug|x86
		{723B733C-1DA5-46DC-85B2-304509AAABE9}.DebugSnk|Mixed Platforms.Build.0 = Debug|x86
		{723B733C-1DA5-46DC-85B2-304509AAABE9}.DebugSnk|x86.ActiveCfg = Debug|x86
		{723B733C-1DA5-46DC-85B2-304509AAABE9}.DebugSnk|x86.Build.0 = Debug|x86
		{723B733C-1DA5-46DC-85B2-304509AAABE9}.Release|Any CPU.ActiveCfg = Release|x86
		{723B733C-1DA5-46DC-85B2-304509AAABE9}.Release|Mixed Platforms.ActiveCfg = Release|x86
		{723B733C-1DA5-46DC-85B2-304509AAABE9}.Release|Mixed Platforms.Build.0 = Release|x86
		{723B733C-1DA5-46DC-85B2-304509AAABE9}.Release|x86.ActiveCfg = Release|x86
		{723B733C-1DA5-46DC-85B2-304509AAABE9}.Release|x86.Build.0 = Release|x86
		{723B733C-1DA5-46DC-85B2-304509AAABE9}.ReleaseSnk|Any CPU.ActiveCfg = Release|x86
		{723B733C-1DA5-46DC-85B2-304509AAABE9}.ReleaseSnk|Mixed Platforms.ActiveCfg = Release|x86
		{723B733C-1DA5-46DC-85B2-304509AAABE9}.ReleaseSnk|Mixed Platforms.Build.0 = Release|x86
		{723B733C-1DA5-46DC-85B2-304509AAABE9}.ReleaseSnk|x86.ActiveCfg = Release|x86
		{723B733C-1DA5-46DC-85B2-304509AAABE9}.ReleaseSnk|x86.Build.0 = Release|x86
	EndGlobalSection
	GlobalSection(SolutionProperties) = preSolution
		HideSolutionNode = FALSE
	EndGlobalSection
	GlobalSection(NestedProjects) = preSolution
		{1C2129C6-6797-4892-8CEB-F2E99FDF1B03} = {5932713A-CEA7-43F3-9A5C-396FC7BDDD02}
		{1B736278-2E06-4EC6-A1D8-AE9B07D9BDC5} = {AB25DCB2-0655-4878-A3C1-618BF475615A}
		{723B733C-1DA5-46DC-85B2-304509AAABE9} = {AB25DCB2-0655-4878-A3C1-618BF475615A}
		{BBB43537-008A-4710-987D-69C0F3BDBD8E} = {AB25DCB2-0655-4878-A3C1-618BF475615A}
	EndGlobalSection
EndGlobal
