
Microsoft Visual Studio Solution File, Format Version 12.00
# Visual Studio 2013
VisualStudioVersion = 12.0.30110.0
MinimumVisualStudioVersion = 10.0.40219.1
Project("{FAE04EC0-301F-11D3-BF4B-00C04F79EFBC}") = "Whathecode.System", "Whathecode.System\Whathecode.System.csproj", "{6FF11324-46A9-4AE3-A802-4CFD47C59BA6}"
EndProject
Project("{FAE04EC0-301F-11D3-BF4B-00C04F79EFBC}") = "InterpolationTest", "InterpolationTest\InterpolationTest.csproj", "{BBB43537-008A-4710-987D-69C0F3BDBD8E}"
EndProject
Project("{FAE04EC0-301F-11D3-BF4B-00C04F79EFBC}") = "Whathecode.PresentationFramework", "Whathecode.PresentationFramework\Whathecode.PresentationFramework.csproj", "{9C755F97-8302-4415-AC95-FABFCDCE14B2}"
EndProject
Project("{FAE04EC0-301F-11D3-BF4B-00C04F79EFBC}") = "Whathecode.PresentationFramework.Tests", "Whathecode.PresentationFramework.Tests\Whathecode.PresentationFramework.Tests.csproj", "{723B733C-1DA5-46DC-85B2-304509AAABE9}"
EndProject
Project("{FAE04EC0-301F-11D3-BF4B-00C04F79EFBC}") = "Whathecode.PresentationFramework.Aspects", "Whathecode.PresentationFramework.Aspects\Whathecode.PresentationFramework.Aspects.csproj", "{B51BF379-1EF4-4F1C-A5E8-3123E34298DD}"
EndProject
Project("{FAE04EC0-301F-11D3-BF4B-00C04F79EFBC}") = "Whathecode.PresentationFramework.Aspects.Tests", "Whathecode.PresentationFramework.Aspects.Tests\Whathecode.PresentationFramework.Aspects.Tests.csproj", "{059E1F4B-D31A-49FB-9426-2E29CEEB0973}"
EndProject
Project("{FAE04EC0-301F-11D3-BF4B-00C04F79EFBC}") = "Whathecode.Microsoft.VisualStudio.QualityTools.Unit", "Whathecode.Microsoft.VisualStudio.QualityTools.Unit\Whathecode.Microsoft.VisualStudio.QualityTools.Unit.csproj", "{7CBBE1A6-C366-452B-A055-1E5DC457FD6B}"
EndProject
Project("{FAE04EC0-301F-11D3-BF4B-00C04F79EFBC}") = "BlendCompatibilityTest", "BlendCompatibilityTest\BlendCompatibilityTest.csproj", "{A0280E26-E3D9-4B62-A5AD-2BC0814F2FB2}"
EndProject
Project("{2150E333-8FDC-42A3-9474-1A3956D46DE8}") = "System", "System", "{8545E471-7D78-434C-B336-A22512E232F4}"
EndProject
Project("{2150E333-8FDC-42A3-9474-1A3956D46DE8}") = "PresentationFramework", "PresentationFramework", "{8A97C423-CA46-4074-B36C-4626236EBA97}"
EndProject
Project("{2150E333-8FDC-42A3-9474-1A3956D46DE8}") = "Microsoft", "Microsoft", "{049E1AF0-78B1-4EE6-B081-1F1004E1B01D}"
EndProject
Project("{FAE04EC0-301F-11D3-BF4B-00C04F79EFBC}") = "Whathecode.System.Aspects", "Whathecode.System.Aspects\Whathecode.System.Aspects.csproj", "{EDE62A57-C6BA-4604-A727-7BC0476A5EE4}"
EndProject
Project("{FAE04EC0-301F-11D3-BF4B-00C04F79EFBC}") = "Whathecode.System.Aspects.Tests", "Whathecode.System.Aspects.Tests\Whathecode.System.Aspects.Tests.csproj", "{C96C8AD1-A0C2-4E02-B562-C345F0A53BB0}"
EndProject
Project("{FAE04EC0-301F-11D3-BF4B-00C04F79EFBC}") = "Whathecode.System.Tests", "Whathecode.System.Tests\Whathecode.System.Tests.csproj", "{1B736278-2E06-4EC6-A1D8-AE9B07D9BDC5}"
EndProject
Project("{FAE04EC0-301F-11D3-BF4B-00C04F79EFBC}") = "Whathecode.System.Experimental", "Whathecode.System.Experimental\Whathecode.System.Experimental.csproj", "{CD40CD00-CD86-4B38-8F81-300F847BE914}"
EndProject
Project("{FAE04EC0-301F-11D3-BF4B-00C04F79EFBC}") = "Whathecode.System.Experimental.Tests", "Whathecode.System.Experimental.Tests\Whathecode.System.Experimental.Tests.csproj", "{67217589-B234-4998-A446-F33116FFB63C}"
EndProject
Project("{FAE04EC0-301F-11D3-BF4B-00C04F79EFBC}") = "Whathecode.Interop", "Whathecode.Interop\Whathecode.Interop.csproj", "{93706064-EF4A-4F46-ABB8-D93E4C0D2732}"
EndProject
Project("{FAE04EC0-301F-11D3-BF4B-00C04F79EFBC}") = "Whathecode.Microsoft", "Whathecode.Microsoft\Whathecode.Microsoft.csproj", "{AC87707B-DC1B-4E00-B252-5F807711C8EB}"
EndProject
Global
	GlobalSection(SolutionConfigurationPlatforms) = preSolution
		Debug|Any CPU = Debug|Any CPU
		Debug|x64 = Debug|x64
		Debug|x86 = Debug|x86
		Release|Any CPU = Release|Any CPU
		Release|x64 = Release|x64
		Release|x86 = Release|x86
	EndGlobalSection
	GlobalSection(ProjectConfigurationPlatforms) = postSolution
		{6FF11324-46A9-4AE3-A802-4CFD47C59BA6}.Debug|Any CPU.ActiveCfg = Debug|Any CPU
		{6FF11324-46A9-4AE3-A802-4CFD47C59BA6}.Debug|Any CPU.Build.0 = Debug|Any CPU
		{6FF11324-46A9-4AE3-A802-4CFD47C59BA6}.Debug|x64.ActiveCfg = Debug|x64
		{6FF11324-46A9-4AE3-A802-4CFD47C59BA6}.Debug|x64.Build.0 = Debug|x64
		{6FF11324-46A9-4AE3-A802-4CFD47C59BA6}.Debug|x86.ActiveCfg = Debug|x86
		{6FF11324-46A9-4AE3-A802-4CFD47C59BA6}.Debug|x86.Build.0 = Debug|x86
		{6FF11324-46A9-4AE3-A802-4CFD47C59BA6}.Release|Any CPU.ActiveCfg = Release|Any CPU
		{6FF11324-46A9-4AE3-A802-4CFD47C59BA6}.Release|Any CPU.Build.0 = Release|Any CPU
		{6FF11324-46A9-4AE3-A802-4CFD47C59BA6}.Release|x64.ActiveCfg = Release|x64
		{6FF11324-46A9-4AE3-A802-4CFD47C59BA6}.Release|x64.Build.0 = Release|x64
		{6FF11324-46A9-4AE3-A802-4CFD47C59BA6}.Release|x86.ActiveCfg = Release|x86
		{6FF11324-46A9-4AE3-A802-4CFD47C59BA6}.Release|x86.Build.0 = Release|x86
		{BBB43537-008A-4710-987D-69C0F3BDBD8E}.Debug|Any CPU.ActiveCfg = Debug|Any CPU
		{BBB43537-008A-4710-987D-69C0F3BDBD8E}.Debug|Any CPU.Build.0 = Debug|Any CPU
		{BBB43537-008A-4710-987D-69C0F3BDBD8E}.Debug|x64.ActiveCfg = Debug|x64
		{BBB43537-008A-4710-987D-69C0F3BDBD8E}.Debug|x64.Build.0 = Debug|x64
		{BBB43537-008A-4710-987D-69C0F3BDBD8E}.Debug|x86.ActiveCfg = Debug|x86
		{BBB43537-008A-4710-987D-69C0F3BDBD8E}.Debug|x86.Build.0 = Debug|x86
		{BBB43537-008A-4710-987D-69C0F3BDBD8E}.Release|Any CPU.ActiveCfg = Release|Any CPU
		{BBB43537-008A-4710-987D-69C0F3BDBD8E}.Release|Any CPU.Build.0 = Release|Any CPU
		{BBB43537-008A-4710-987D-69C0F3BDBD8E}.Release|x64.ActiveCfg = Release|x64
		{BBB43537-008A-4710-987D-69C0F3BDBD8E}.Release|x64.Build.0 = Release|x64
		{BBB43537-008A-4710-987D-69C0F3BDBD8E}.Release|x86.ActiveCfg = Release|x86
		{BBB43537-008A-4710-987D-69C0F3BDBD8E}.Release|x86.Build.0 = Release|x86
		{9C755F97-8302-4415-AC95-FABFCDCE14B2}.Debug|Any CPU.ActiveCfg = Debug|Any CPU
		{9C755F97-8302-4415-AC95-FABFCDCE14B2}.Debug|Any CPU.Build.0 = Debug|Any CPU
		{9C755F97-8302-4415-AC95-FABFCDCE14B2}.Debug|x64.ActiveCfg = Debug|x64
		{9C755F97-8302-4415-AC95-FABFCDCE14B2}.Debug|x64.Build.0 = Debug|x64
		{9C755F97-8302-4415-AC95-FABFCDCE14B2}.Debug|x86.ActiveCfg = Debug|x86
		{9C755F97-8302-4415-AC95-FABFCDCE14B2}.Debug|x86.Build.0 = Debug|x86
		{9C755F97-8302-4415-AC95-FABFCDCE14B2}.Release|Any CPU.ActiveCfg = Release|Any CPU
		{9C755F97-8302-4415-AC95-FABFCDCE14B2}.Release|Any CPU.Build.0 = Release|Any CPU
		{9C755F97-8302-4415-AC95-FABFCDCE14B2}.Release|x64.ActiveCfg = Release|x64
		{9C755F97-8302-4415-AC95-FABFCDCE14B2}.Release|x64.Build.0 = Release|x64
		{9C755F97-8302-4415-AC95-FABFCDCE14B2}.Release|x86.ActiveCfg = Release|x86
		{9C755F97-8302-4415-AC95-FABFCDCE14B2}.Release|x86.Build.0 = Release|x86
		{723B733C-1DA5-46DC-85B2-304509AAABE9}.Debug|Any CPU.ActiveCfg = Debug|Any CPU
		{723B733C-1DA5-46DC-85B2-304509AAABE9}.Debug|Any CPU.Build.0 = Debug|Any CPU
		{723B733C-1DA5-46DC-85B2-304509AAABE9}.Debug|x64.ActiveCfg = Debug|x64
		{723B733C-1DA5-46DC-85B2-304509AAABE9}.Debug|x64.Build.0 = Debug|x64
		{723B733C-1DA5-46DC-85B2-304509AAABE9}.Debug|x86.ActiveCfg = Debug|x86
		{723B733C-1DA5-46DC-85B2-304509AAABE9}.Debug|x86.Build.0 = Debug|x86
		{723B733C-1DA5-46DC-85B2-304509AAABE9}.Release|Any CPU.ActiveCfg = Release|Any CPU
		{723B733C-1DA5-46DC-85B2-304509AAABE9}.Release|Any CPU.Build.0 = Release|Any CPU
		{723B733C-1DA5-46DC-85B2-304509AAABE9}.Release|x64.ActiveCfg = Release|x64
		{723B733C-1DA5-46DC-85B2-304509AAABE9}.Release|x64.Build.0 = Release|x64
		{723B733C-1DA5-46DC-85B2-304509AAABE9}.Release|x86.ActiveCfg = Release|x86
		{723B733C-1DA5-46DC-85B2-304509AAABE9}.Release|x86.Build.0 = Release|x86
		{B51BF379-1EF4-4F1C-A5E8-3123E34298DD}.Debug|Any CPU.ActiveCfg = Debug|Any CPU
		{B51BF379-1EF4-4F1C-A5E8-3123E34298DD}.Debug|Any CPU.Build.0 = Debug|Any CPU
		{B51BF379-1EF4-4F1C-A5E8-3123E34298DD}.Debug|x64.ActiveCfg = Debug|x64
		{B51BF379-1EF4-4F1C-A5E8-3123E34298DD}.Debug|x64.Build.0 = Debug|x64
		{B51BF379-1EF4-4F1C-A5E8-3123E34298DD}.Debug|x86.ActiveCfg = Debug|x86
		{B51BF379-1EF4-4F1C-A5E8-3123E34298DD}.Debug|x86.Build.0 = Debug|x86
		{B51BF379-1EF4-4F1C-A5E8-3123E34298DD}.Release|Any CPU.ActiveCfg = Release|Any CPU
		{B51BF379-1EF4-4F1C-A5E8-3123E34298DD}.Release|Any CPU.Build.0 = Release|Any CPU
		{B51BF379-1EF4-4F1C-A5E8-3123E34298DD}.Release|x64.ActiveCfg = Release|x64
		{B51BF379-1EF4-4F1C-A5E8-3123E34298DD}.Release|x64.Build.0 = Release|x64
		{B51BF379-1EF4-4F1C-A5E8-3123E34298DD}.Release|x86.ActiveCfg = Release|x86
		{B51BF379-1EF4-4F1C-A5E8-3123E34298DD}.Release|x86.Build.0 = Release|x86
		{059E1F4B-D31A-49FB-9426-2E29CEEB0973}.Debug|Any CPU.ActiveCfg = Debug|Any CPU
		{059E1F4B-D31A-49FB-9426-2E29CEEB0973}.Debug|Any CPU.Build.0 = Debug|Any CPU
		{059E1F4B-D31A-49FB-9426-2E29CEEB0973}.Debug|x64.ActiveCfg = Debug|x64
		{059E1F4B-D31A-49FB-9426-2E29CEEB0973}.Debug|x64.Build.0 = Debug|x64
		{059E1F4B-D31A-49FB-9426-2E29CEEB0973}.Debug|x86.ActiveCfg = Debug|x86
		{059E1F4B-D31A-49FB-9426-2E29CEEB0973}.Debug|x86.Build.0 = Debug|x86
		{059E1F4B-D31A-49FB-9426-2E29CEEB0973}.Release|Any CPU.ActiveCfg = Release|Any CPU
		{059E1F4B-D31A-49FB-9426-2E29CEEB0973}.Release|Any CPU.Build.0 = Release|Any CPU
		{059E1F4B-D31A-49FB-9426-2E29CEEB0973}.Release|x64.ActiveCfg = Release|x64
		{059E1F4B-D31A-49FB-9426-2E29CEEB0973}.Release|x64.Build.0 = Release|x64
		{059E1F4B-D31A-49FB-9426-2E29CEEB0973}.Release|x86.ActiveCfg = Release|x86
		{059E1F4B-D31A-49FB-9426-2E29CEEB0973}.Release|x86.Build.0 = Release|x86
		{7CBBE1A6-C366-452B-A055-1E5DC457FD6B}.Debug|Any CPU.ActiveCfg = Debug|Any CPU
		{7CBBE1A6-C366-452B-A055-1E5DC457FD6B}.Debug|Any CPU.Build.0 = Debug|Any CPU
		{7CBBE1A6-C366-452B-A055-1E5DC457FD6B}.Debug|x64.ActiveCfg = Debug|x64
		{7CBBE1A6-C366-452B-A055-1E5DC457FD6B}.Debug|x64.Build.0 = Debug|x64
		{7CBBE1A6-C366-452B-A055-1E5DC457FD6B}.Debug|x86.ActiveCfg = Debug|x86
		{7CBBE1A6-C366-452B-A055-1E5DC457FD6B}.Debug|x86.Build.0 = Debug|x86
		{7CBBE1A6-C366-452B-A055-1E5DC457FD6B}.Release|Any CPU.ActiveCfg = Release|Any CPU
		{7CBBE1A6-C366-452B-A055-1E5DC457FD6B}.Release|Any CPU.Build.0 = Release|Any CPU
		{7CBBE1A6-C366-452B-A055-1E5DC457FD6B}.Release|x64.ActiveCfg = Release|x64
		{7CBBE1A6-C366-452B-A055-1E5DC457FD6B}.Release|x64.Build.0 = Release|x64
		{7CBBE1A6-C366-452B-A055-1E5DC457FD6B}.Release|x86.ActiveCfg = Release|x86
		{7CBBE1A6-C366-452B-A055-1E5DC457FD6B}.Release|x86.Build.0 = Release|x86
		{A0280E26-E3D9-4B62-A5AD-2BC0814F2FB2}.Debug|Any CPU.ActiveCfg = Debug|Any CPU
		{A0280E26-E3D9-4B62-A5AD-2BC0814F2FB2}.Debug|Any CPU.Build.0 = Debug|Any CPU
		{A0280E26-E3D9-4B62-A5AD-2BC0814F2FB2}.Debug|x64.ActiveCfg = Debug|x64
		{A0280E26-E3D9-4B62-A5AD-2BC0814F2FB2}.Debug|x64.Build.0 = Debug|x64
		{A0280E26-E3D9-4B62-A5AD-2BC0814F2FB2}.Debug|x86.ActiveCfg = Debug|x86
		{A0280E26-E3D9-4B62-A5AD-2BC0814F2FB2}.Debug|x86.Build.0 = Debug|x86
		{A0280E26-E3D9-4B62-A5AD-2BC0814F2FB2}.Release|Any CPU.ActiveCfg = Release|Any CPU
		{A0280E26-E3D9-4B62-A5AD-2BC0814F2FB2}.Release|Any CPU.Build.0 = Release|Any CPU
		{A0280E26-E3D9-4B62-A5AD-2BC0814F2FB2}.Release|x64.ActiveCfg = Release|x64
		{A0280E26-E3D9-4B62-A5AD-2BC0814F2FB2}.Release|x64.Build.0 = Release|x64
		{A0280E26-E3D9-4B62-A5AD-2BC0814F2FB2}.Release|x86.ActiveCfg = Release|x86
		{A0280E26-E3D9-4B62-A5AD-2BC0814F2FB2}.Release|x86.Build.0 = Release|x86
		{EDE62A57-C6BA-4604-A727-7BC0476A5EE4}.Debug|Any CPU.ActiveCfg = Debug|Any CPU
		{EDE62A57-C6BA-4604-A727-7BC0476A5EE4}.Debug|Any CPU.Build.0 = Debug|Any CPU
		{EDE62A57-C6BA-4604-A727-7BC0476A5EE4}.Debug|x64.ActiveCfg = Debug|x64
		{EDE62A57-C6BA-4604-A727-7BC0476A5EE4}.Debug|x64.Build.0 = Debug|x64
		{EDE62A57-C6BA-4604-A727-7BC0476A5EE4}.Debug|x86.ActiveCfg = Debug|x86
		{EDE62A57-C6BA-4604-A727-7BC0476A5EE4}.Debug|x86.Build.0 = Debug|x86
		{EDE62A57-C6BA-4604-A727-7BC0476A5EE4}.Release|Any CPU.ActiveCfg = Release|Any CPU
		{EDE62A57-C6BA-4604-A727-7BC0476A5EE4}.Release|Any CPU.Build.0 = Release|Any CPU
		{EDE62A57-C6BA-4604-A727-7BC0476A5EE4}.Release|x64.ActiveCfg = Release|x64
		{EDE62A57-C6BA-4604-A727-7BC0476A5EE4}.Release|x64.Build.0 = Release|x64
		{EDE62A57-C6BA-4604-A727-7BC0476A5EE4}.Release|x86.ActiveCfg = Release|x86
		{EDE62A57-C6BA-4604-A727-7BC0476A5EE4}.Release|x86.Build.0 = Release|x86
		{C96C8AD1-A0C2-4E02-B562-C345F0A53BB0}.Debug|Any CPU.ActiveCfg = Debug|Any CPU
		{C96C8AD1-A0C2-4E02-B562-C345F0A53BB0}.Debug|Any CPU.Build.0 = Debug|Any CPU
		{C96C8AD1-A0C2-4E02-B562-C345F0A53BB0}.Debug|x64.ActiveCfg = Debug|x64
		{C96C8AD1-A0C2-4E02-B562-C345F0A53BB0}.Debug|x64.Build.0 = Debug|x64
		{C96C8AD1-A0C2-4E02-B562-C345F0A53BB0}.Debug|x86.ActiveCfg = Debug|x86
		{C96C8AD1-A0C2-4E02-B562-C345F0A53BB0}.Debug|x86.Build.0 = Debug|x86
		{C96C8AD1-A0C2-4E02-B562-C345F0A53BB0}.Release|Any CPU.ActiveCfg = Release|Any CPU
		{C96C8AD1-A0C2-4E02-B562-C345F0A53BB0}.Release|Any CPU.Build.0 = Release|Any CPU
		{C96C8AD1-A0C2-4E02-B562-C345F0A53BB0}.Release|x64.ActiveCfg = Release|x64
		{C96C8AD1-A0C2-4E02-B562-C345F0A53BB0}.Release|x64.Build.0 = Release|x64
		{C96C8AD1-A0C2-4E02-B562-C345F0A53BB0}.Release|x86.ActiveCfg = Release|x86
		{C96C8AD1-A0C2-4E02-B562-C345F0A53BB0}.Release|x86.Build.0 = Release|x86
		{1B736278-2E06-4EC6-A1D8-AE9B07D9BDC5}.Debug|Any CPU.ActiveCfg = Debug|Any CPU
		{1B736278-2E06-4EC6-A1D8-AE9B07D9BDC5}.Debug|Any CPU.Build.0 = Debug|Any CPU
		{1B736278-2E06-4EC6-A1D8-AE9B07D9BDC5}.Debug|x64.ActiveCfg = Debug|x64
		{1B736278-2E06-4EC6-A1D8-AE9B07D9BDC5}.Debug|x64.Build.0 = Debug|x64
		{1B736278-2E06-4EC6-A1D8-AE9B07D9BDC5}.Debug|x86.ActiveCfg = Debug|x86
		{1B736278-2E06-4EC6-A1D8-AE9B07D9BDC5}.Debug|x86.Build.0 = Debug|x86
		{1B736278-2E06-4EC6-A1D8-AE9B07D9BDC5}.Release|Any CPU.ActiveCfg = Release|Any CPU
		{1B736278-2E06-4EC6-A1D8-AE9B07D9BDC5}.Release|Any CPU.Build.0 = Release|Any CPU
		{1B736278-2E06-4EC6-A1D8-AE9B07D9BDC5}.Release|x64.ActiveCfg = Release|x64
		{1B736278-2E06-4EC6-A1D8-AE9B07D9BDC5}.Release|x64.Build.0 = Release|x64
		{1B736278-2E06-4EC6-A1D8-AE9B07D9BDC5}.Release|x86.ActiveCfg = Release|x86
		{1B736278-2E06-4EC6-A1D8-AE9B07D9BDC5}.Release|x86.Build.0 = Release|x86
		{CD40CD00-CD86-4B38-8F81-300F847BE914}.Debug|Any CPU.ActiveCfg = Debug|Any CPU
		{CD40CD00-CD86-4B38-8F81-300F847BE914}.Debug|Any CPU.Build.0 = Debug|Any CPU
		{CD40CD00-CD86-4B38-8F81-300F847BE914}.Debug|x64.ActiveCfg = Debug|x64
		{CD40CD00-CD86-4B38-8F81-300F847BE914}.Debug|x64.Build.0 = Debug|x64
		{CD40CD00-CD86-4B38-8F81-300F847BE914}.Debug|x86.ActiveCfg = Debug|x86
		{CD40CD00-CD86-4B38-8F81-300F847BE914}.Debug|x86.Build.0 = Debug|x86
		{CD40CD00-CD86-4B38-8F81-300F847BE914}.Release|Any CPU.ActiveCfg = Release|Any CPU
		{CD40CD00-CD86-4B38-8F81-300F847BE914}.Release|Any CPU.Build.0 = Release|Any CPU
		{CD40CD00-CD86-4B38-8F81-300F847BE914}.Release|x64.ActiveCfg = Release|x64
		{CD40CD00-CD86-4B38-8F81-300F847BE914}.Release|x64.Build.0 = Release|x64
		{CD40CD00-CD86-4B38-8F81-300F847BE914}.Release|x86.ActiveCfg = Release|x86
		{CD40CD00-CD86-4B38-8F81-300F847BE914}.Release|x86.Build.0 = Release|x86
		{67217589-B234-4998-A446-F33116FFB63C}.Debug|Any CPU.ActiveCfg = Debug|Any CPU
		{67217589-B234-4998-A446-F33116FFB63C}.Debug|Any CPU.Build.0 = Debug|Any CPU
		{67217589-B234-4998-A446-F33116FFB63C}.Debug|x64.ActiveCfg = Debug|x64
		{67217589-B234-4998-A446-F33116FFB63C}.Debug|x64.Build.0 = Debug|x64
		{67217589-B234-4998-A446-F33116FFB63C}.Debug|x86.ActiveCfg = Debug|x86
		{67217589-B234-4998-A446-F33116FFB63C}.Debug|x86.Build.0 = Debug|x86
		{67217589-B234-4998-A446-F33116FFB63C}.Release|Any CPU.ActiveCfg = Release|Any CPU
		{67217589-B234-4998-A446-F33116FFB63C}.Release|Any CPU.Build.0 = Release|Any CPU
		{67217589-B234-4998-A446-F33116FFB63C}.Release|x64.ActiveCfg = Release|x64
		{67217589-B234-4998-A446-F33116FFB63C}.Release|x64.Build.0 = Release|x64
		{67217589-B234-4998-A446-F33116FFB63C}.Release|x86.ActiveCfg = Release|x86
		{67217589-B234-4998-A446-F33116FFB63C}.Release|x86.Build.0 = Release|x86
		{93706064-EF4A-4F46-ABB8-D93E4C0D2732}.Debug|Any CPU.ActiveCfg = Debug|Any CPU
		{93706064-EF4A-4F46-ABB8-D93E4C0D2732}.Debug|Any CPU.Build.0 = Debug|Any CPU
		{93706064-EF4A-4F46-ABB8-D93E4C0D2732}.Debug|x64.ActiveCfg = Debug|Any CPU
		{93706064-EF4A-4F46-ABB8-D93E4C0D2732}.Debug|x86.ActiveCfg = Debug|Any CPU
		{93706064-EF4A-4F46-ABB8-D93E4C0D2732}.Release|Any CPU.ActiveCfg = Release|Any CPU
		{93706064-EF4A-4F46-ABB8-D93E4C0D2732}.Release|Any CPU.Build.0 = Release|Any CPU
		{93706064-EF4A-4F46-ABB8-D93E4C0D2732}.Release|x64.ActiveCfg = Release|Any CPU
		{93706064-EF4A-4F46-ABB8-D93E4C0D2732}.Release|x86.ActiveCfg = Release|Any CPU
		{AC87707B-DC1B-4E00-B252-5F807711C8EB}.Debug|Any CPU.ActiveCfg = Debug|Any CPU
		{AC87707B-DC1B-4E00-B252-5F807711C8EB}.Debug|Any CPU.Build.0 = Debug|Any CPU
		{AC87707B-DC1B-4E00-B252-5F807711C8EB}.Debug|x64.ActiveCfg = Debug|Any CPU
		{AC87707B-DC1B-4E00-B252-5F807711C8EB}.Debug|x86.ActiveCfg = Debug|Any CPU
		{AC87707B-DC1B-4E00-B252-5F807711C8EB}.Release|Any CPU.ActiveCfg = Release|Any CPU
		{AC87707B-DC1B-4E00-B252-5F807711C8EB}.Release|Any CPU.Build.0 = Release|Any CPU
		{AC87707B-DC1B-4E00-B252-5F807711C8EB}.Release|x64.ActiveCfg = Release|Any CPU
		{AC87707B-DC1B-4E00-B252-5F807711C8EB}.Release|x86.ActiveCfg = Release|Any CPU
	EndGlobalSection
	GlobalSection(SolutionProperties) = preSolution
		HideSolutionNode = FALSE
	EndGlobalSection
	GlobalSection(NestedProjects) = preSolution
		{BBB43537-008A-4710-987D-69C0F3BDBD8E} = {8545E471-7D78-434C-B336-A22512E232F4}
		{6FF11324-46A9-4AE3-A802-4CFD47C59BA6} = {8545E471-7D78-434C-B336-A22512E232F4}
		{EDE62A57-C6BA-4604-A727-7BC0476A5EE4} = {8545E471-7D78-434C-B336-A22512E232F4}
		{C96C8AD1-A0C2-4E02-B562-C345F0A53BB0} = {8545E471-7D78-434C-B336-A22512E232F4}
		{1B736278-2E06-4EC6-A1D8-AE9B07D9BDC5} = {8545E471-7D78-434C-B336-A22512E232F4}
		{CD40CD00-CD86-4B38-8F81-300F847BE914} = {8545E471-7D78-434C-B336-A22512E232F4}
		{67217589-B234-4998-A446-F33116FFB63C} = {8545E471-7D78-434C-B336-A22512E232F4}
		{723B733C-1DA5-46DC-85B2-304509AAABE9} = {8A97C423-CA46-4074-B36C-4626236EBA97}
		{B51BF379-1EF4-4F1C-A5E8-3123E34298DD} = {8A97C423-CA46-4074-B36C-4626236EBA97}
		{059E1F4B-D31A-49FB-9426-2E29CEEB0973} = {8A97C423-CA46-4074-B36C-4626236EBA97}
		{A0280E26-E3D9-4B62-A5AD-2BC0814F2FB2} = {8A97C423-CA46-4074-B36C-4626236EBA97}
		{9C755F97-8302-4415-AC95-FABFCDCE14B2} = {8A97C423-CA46-4074-B36C-4626236EBA97}
		{7CBBE1A6-C366-452B-A055-1E5DC457FD6B} = {049E1AF0-78B1-4EE6-B081-1F1004E1B01D}
		{AC87707B-DC1B-4E00-B252-5F807711C8EB} = {049E1AF0-78B1-4EE6-B081-1F1004E1B01D}
	EndGlobalSection
EndGlobal
