
Microsoft Visual Studio Solution File, Format Version 10.00
# Visual Studio 2008
Project("{FAE04EC0-301F-11D3-BF4B-00C04F79EFBC}") = "Arithmetic", "Arithmetic\Arithmetic.csproj", "{1C2129C6-6797-4892-8CEB-F2E99FDF1B03}"
EndProject
Global
	GlobalSection(SolutionConfigurationPlatforms) = preSolution
		Debug|Any CPU = Debug|Any CPU
		Debug|x86 = Debug|x86
		Release|Any CPU = Release|Any CPU
		Release|x86 = Release|x86
	EndGlobalSection
	GlobalSection(ProjectConfigurationPlatforms) = postSolution
		{1C2129C6-6797-4892-8CEB-F2E99FDF1B03}.Debug|Any CPU.ActiveCfg = Release|x86
		{1C2129C6-6797-4892-8CEB-F2E99FDF1B03}.Debug|Any CPU.Build.0 = Release|x86
		{1C2129C6-6797-4892-8CEB-F2E99FDF1B03}.Debug|x86.ActiveCfg = Debug|x86
		{1C2129C6-6797-4892-8CEB-F2E99FDF1B03}.Debug|x86.Build.0 = Debug|x86
		{1C2129C6-6797-4892-8CEB-F2E99FDF1B03}.Release|Any CPU.ActiveCfg = Release|x86
		{1C2129C6-6797-4892-8CEB-F2E99FDF1B03}.Release|Any CPU.Build.0 = Release|x86
		{1C2129C6-6797-4892-8CEB-F2E99FDF1B03}.Release|x86.ActiveCfg = Release|x86
		{1C2129C6-6797-4892-8CEB-F2E99FDF1B03}.Release|x86.Build.0 = Release|x86
	EndGlobalSection
	GlobalSection(SolutionProperties) = preSolution
		HideSolutionNode = FALSE
	EndGlobalSection
EndGlobal
